
Microsoft Visual Studio Solution File, Format Version 12.00
# Visual Studio Version 16
VisualStudioVersion = 16.0.30128.74
MinimumVisualStudioVersion = 10.0.40219.1
Project("{FAE04EC0-301F-11D3-BF4B-00C04F79EFBC}") = "GlitchGenerator", "GlitchGenerator\GlitchGenerator.csproj", "{14C79C24-F15A-4990-A80E-6A9C6E5FF66D}"
EndProject
Global
	GlobalSection(SolutionConfigurationPlatforms) = preSolution
		Debug|x86 = Debug|x86
		Release|x86 = Release|x86
	EndGlobalSection
	GlobalSection(ProjectConfigurationPlatforms) = postSolution
		{14C79C24-F15A-4990-A80E-6A9C6E5FF66D}.Debug|x86.ActiveCfg = Debug|x86
		{14C79C24-F15A-4990-A80E-6A9C6E5FF66D}.Debug|x86.Build.0 = Debug|x86
		{14C79C24-F15A-4990-A80E-6A9C6E5FF66D}.Release|x86.ActiveCfg = Release|x86
		{14C79C24-F15A-4990-A80E-6A9C6E5FF66D}.Release|x86.Build.0 = Release|x86
	EndGlobalSection
	GlobalSection(SolutionProperties) = preSolution
		HideSolutionNode = FALSE
	EndGlobalSection
	GlobalSection(ExtensibilityGlobals) = postSolution
		SolutionGuid = {3F0D33B0-1297-4759-A4F7-BEDD1F4A9500}
	EndGlobalSection
EndGlobal
